{
  "originHash" : "69491ecdc3fef5af0614cfd3cbda250170de18585dc2d4d633102cd229c3931d",
  "pins" : [
    {
      "identity" : "machinjector",
      "kind" : "remoteSourceControl",
      "location" : "https://github.com/MxIris-Reverse-Engineering/MachInjector",
      "state" : {
        "branch" : "main",
        "revision" : "26c6e80b487a554782e5aa07a418dc6ed7f66f4d"
      }
    },
    {
      "identity" : "swiftyxpc",
      "kind" : "remoteSourceControl",
      "location" : "https://github.com/MxIris-macOS-Library-Forks/SwiftyXPC",
      "state" : {
        "branch" : "main",
        "revision" : "24224400130aa5c6d6c670d32814094386242baa"
      }
    }
  ],
  "version" : 3
}
