{
  "originHash" : "bef531ce6be38006988bb9bcab5cdc7e7b9434358c9a6d8228b49292f49f16e9",
  "pins" : [
    {
      "identity" : "launchservicesprivate",
      "kind" : "remoteSourceControl",
      "location" : "https://github.com/MxIris-Reverse-Engineering/LaunchServicesPrivate",
      "state" : {
        "branch" : "main",
        "revision" : "80d52a34fed345c3e0852a4c6434f08076c103bf"
      }
    },
    {
      "identity" : "machinjector",
      "kind" : "remoteSourceControl",
      "location" : "https://github.com/MxIris-Reverse-Engineering/MachInjector",
      "state" : {
        "branch" : "main",
        "revision" : "9cab5f30b0dd935a78ce78a5104fefdfd5606a34"
      }
    },
    {
      "identity" : "swift-async-algorithms",
      "kind" : "remoteSourceControl",
      "location" : "https://github.com/apple/swift-async-algorithms.git",
      "state" : {
        "revision" : "4c3ea81f81f0a25d0470188459c6d4bf20cf2f97",
        "version" : "1.0.3"
      }
    },
    {
      "identity" : "swift-collections",
      "kind" : "remoteSourceControl",
      "location" : "https://github.com/apple/swift-collections.git",
      "state" : {
        "revision" : "671108c96644956dddcd89dd59c203dcdb36cec7",
        "version" : "1.1.4"
      }
    },
    {
      "identity" : "swift-log",
      "kind" : "remoteSourceControl",
      "location" : "https://github.com/apple/swift-log.git",
      "state" : {
        "revision" : "3d8596ed08bd13520157f0355e35caed215ffbfa",
        "version" : "1.6.3"
      }
    },
    {
      "identity" : "swift-service-lifecycle",
      "kind" : "remoteSourceControl",
      "location" : "https://github.com/swift-server/swift-service-lifecycle",
      "state" : {
        "revision" : "7ee57f99fbe0073c3700997186721e74d925b59b",
        "version" : "2.7.0"
      }
    },
    {
      "identity" : "swiftyxpc",
      "kind" : "remoteSourceControl",
      "location" : "https://github.com/MxIris-macOS-Library-Forks/SwiftyXPC",
      "state" : {
        "branch" : "main",
        "revision" : "6735c52ce0c5715991ee7d00ba642c52566b415a"
      }
    }
  ],
  "version" : 3
}
