{
  "originHash" : "9c5c3412928cc785c9e3e0d2653b4735d5a23120531967e5a25fe6a448c028e7",
  "pins" : [
    {
      "identity" : "frameworktoolbox",
      "kind" : "remoteSourceControl",
      "location" : "https://github.com/Mx-Iris/FrameworkToolbox",
      "state" : {
        "revision" : "4ab712e98990bb3a44a5ef160bd0b0c3f03ace08",
        "version" : "0.5.5"
      }
    },
    {
      "identity" : "machinjector",
      "kind" : "remoteSourceControl",
      "location" : "https://github.com/MxIris-Reverse-Engineering/MachInjector",
      "state" : {
        "branch" : "main",
        "revision" : "26c6e80b487a554782e5aa07a418dc6ed7f66f4d"
      }
    },
    {
      "identity" : "swift-syntax",
      "kind" : "remoteSourceControl",
      "location" : "https://github.com/swiftlang/swift-syntax.git",
      "state" : {
        "revision" : "9de99a78f099e59caf2b2beec65a4c45d54b2081",
        "version" : "603.0.1"
      }
    },
    {
      "identity" : "swiftyxpc",
      "kind" : "remoteSourceControl",
      "location" : "https://github.com/MxIris-macOS-Library-Forks/SwiftyXPC",
      "state" : {
        "branch" : "main",
        "revision" : "24224400130aa5c6d6c670d32814094386242baa"
      }
    }
  ],
  "version" : 3
}
